
Microsoft Visual Studio Solution File, Format Version 11.00
# Visual Studio 2010
Project("{FAE04EC0-301F-11D3-BF4B-00C04F79EFBC}") = "mvc-base-start", "src\mvc-base-start\mvc-base-start.csproj", "{D0B13EBE-8993-45C6-AD58-F9B5590E9E10}"
EndProject
Global
	GlobalSection(SolutionConfigurationPlatforms) = preSolution
		Debug|Any CPU = Debug|Any CPU
		Release|Any CPU = Release|Any CPU
	EndGlobalSection
	GlobalSection(ProjectConfigurationPlatforms) = postSolution
		{D0B13EBE-8993-45C6-AD58-F9B5590E9E10}.Debug|Any CPU.ActiveCfg = Debug|Any CPU
		{D0B13EBE-8993-45C6-AD58-F9B5590E9E10}.Debug|Any CPU.Build.0 = Debug|Any CPU
		{D0B13EBE-8993-45C6-AD58-F9B5590E9E10}.Release|Any CPU.ActiveCfg = Release|Any CPU
		{D0B13EBE-8993-45C6-AD58-F9B5590E9E10}.Release|Any CPU.Build.0 = Release|Any CPU
	EndGlobalSection
	GlobalSection(SolutionProperties) = preSolution
		HideSolutionNode = FALSE
	EndGlobalSection
EndGlobal
